
Microsoft Visual Studio Solution File, Format Version 12.00
# Visual Studio 2013
VisualStudioVersion = 12.0.30723.0
MinimumVisualStudioVersion = 10.0.40219.1
Project("{FAE04EC0-301F-11D3-BF4B-00C04F79EFBC}") = "Tomin.TotalCmd.AzureBlob", "Tomin.TotalCmd.AzureBlob\Tomin.TotalCmd.AzureBlob.csproj", "{7269099E-553C-4EC4-8E62-7E639ADB70B8}"
EndProject
Project("{FAE04EC0-301F-11D3-BF4B-00C04F79EFBC}") = "Tomin.TotalCmd.AzureBlob.TestClient", "Tomin.TotalCmd.AzureBlob.TestClient\Tomin.TotalCmd.AzureBlob.TestClient.csproj", "{92A177B8-41A7-4C41-BD8C-BD608F006763}"
EndProject
Project("{2150E333-8FDC-42A3-9474-1A3956D46DE8}") = "Solution Items", "Solution Items", "{ED5765AB-4AFD-497E-A734-E1EF1ED7874E}"
	ProjectSection(SolutionItems) = preProject
		..\Build\PreparePlugin.targets = ..\Build\PreparePlugin.targets
		..\README.md = ..\README.md
	EndProjectSection
EndProject
Project("{FAE04EC0-301F-11D3-BF4B-00C04F79EFBC}") = "Tomin.TotalCmd.AzureBlobTests", "Tomin.TotalCmd.AzureBlobTests\Tomin.TotalCmd.AzureBlobTests.csproj", "{27792E8F-57DB-45B1-8E30-703809ACF087}"
EndProject
Global
	GlobalSection(SolutionConfigurationPlatforms) = preSolution
		Debug|Any CPU = Debug|Any CPU
		Release|Any CPU = Release|Any CPU
	EndGlobalSection
	GlobalSection(ProjectConfigurationPlatforms) = postSolution
		{7269099E-553C-4EC4-8E62-7E639ADB70B8}.Debug|Any CPU.ActiveCfg = Debug|Any CPU
		{7269099E-553C-4EC4-8E62-7E639ADB70B8}.Debug|Any CPU.Build.0 = Debug|Any CPU
		{7269099E-553C-4EC4-8E62-7E639ADB70B8}.Release|Any CPU.ActiveCfg = Release|Any CPU
		{7269099E-553C-4EC4-8E62-7E639ADB70B8}.Release|Any CPU.Build.0 = Release|Any CPU
		{92A177B8-41A7-4C41-BD8C-BD608F006763}.Debug|Any CPU.ActiveCfg = Debug|Any CPU
		{92A177B8-41A7-4C41-BD8C-BD608F006763}.Debug|Any CPU.Build.0 = Debug|Any CPU
		{92A177B8-41A7-4C41-BD8C-BD608F006763}.Release|Any CPU.ActiveCfg = Release|Any CPU
		{92A177B8-41A7-4C41-BD8C-BD608F006763}.Release|Any CPU.Build.0 = Release|Any CPU
		{27792E8F-57DB-45B1-8E30-703809ACF087}.Debug|Any CPU.ActiveCfg = Debug|Any CPU
		{27792E8F-57DB-45B1-8E30-703809ACF087}.Debug|Any CPU.Build.0 = Debug|Any CPU
		{27792E8F-57DB-45B1-8E30-703809ACF087}.Release|Any CPU.ActiveCfg = Release|Any CPU
		{27792E8F-57DB-45B1-8E30-703809ACF087}.Release|Any CPU.Build.0 = Release|Any CPU
	EndGlobalSection
	GlobalSection(SolutionProperties) = preSolution
		HideSolutionNode = FALSE
	EndGlobalSection
EndGlobal
